
Microsoft Visual Studio Solution File, Format Version 12.00
# Visual Studio Version 17
VisualStudioVersion = 17.0.31903.59
MinimumVisualStudioVersion = 10.0.40219.1
Project("{FAE04EC0-301F-11D3-BF4B-00C04F79EFBC}") = "AnycubicPhotonPCB.Core", "AnycubicPhotonPCB.Core\AnycubicPhotonPCB.Core.csproj", "{57929767-E632-412D-A789-88117F821535}"
EndProject
Project("{FAE04EC0-301F-11D3-BF4B-00C04F79EFBC}") = "AnycubicPhotonPCB.Maker", "AnycubicPhotonPCB.Maker\AnycubicPhotonPCB.Maker.csproj", "{D17509E6-ADCF-4F78-A62C-FAF96876C82A}"
EndProject
Global
	GlobalSection(SolutionConfigurationPlatforms) = preSolution
		Debug|Any CPU = Debug|Any CPU
		Debug|x64 = Debug|x64
		Debug|x86 = Debug|x86
		Release|Any CPU = Release|Any CPU
		Release|x64 = Release|x64
		Release|x86 = Release|x86
	EndGlobalSection
	GlobalSection(ProjectConfigurationPlatforms) = postSolution
		{57929767-E632-412D-A789-88117F821535}.Debug|Any CPU.ActiveCfg = Debug|Any CPU
		{57929767-E632-412D-A789-88117F821535}.Debug|Any CPU.Build.0 = Debug|Any CPU
		{57929767-E632-412D-A789-88117F821535}.Debug|x64.ActiveCfg = Debug|Any CPU
		{57929767-E632-412D-A789-88117F821535}.Debug|x64.Build.0 = Debug|Any CPU
		{57929767-E632-412D-A789-88117F821535}.Debug|x86.ActiveCfg = Debug|Any CPU
		{57929767-E632-412D-A789-88117F821535}.Debug|x86.Build.0 = Debug|Any CPU
		{57929767-E632-412D-A789-88117F821535}.Release|Any CPU.ActiveCfg = Release|Any CPU
		{57929767-E632-412D-A789-88117F821535}.Release|Any CPU.Build.0 = Release|Any CPU
		{57929767-E632-412D-A789-88117F821535}.Release|x64.ActiveCfg = Release|Any CPU
		{57929767-E632-412D-A789-88117F821535}.Release|x64.Build.0 = Release|Any CPU
		{57929767-E632-412D-A789-88117F821535}.Release|x86.ActiveCfg = Release|Any CPU
		{57929767-E632-412D-A789-88117F821535}.Release|x86.Build.0 = Release|Any CPU
		{D17509E6-ADCF-4F78-A62C-FAF96876C82A}.Debug|Any CPU.ActiveCfg = Debug|Any CPU
		{D17509E6-ADCF-4F78-A62C-FAF96876C82A}.Debug|Any CPU.Build.0 = Debug|Any CPU
		{D17509E6-ADCF-4F78-A62C-FAF96876C82A}.Debug|x64.ActiveCfg = Debug|Any CPU
		{D17509E6-ADCF-4F78-A62C-FAF96876C82A}.Debug|x64.Build.0 = Debug|Any CPU
		{D17509E6-ADCF-4F78-A62C-FAF96876C82A}.Debug|x86.ActiveCfg = Debug|Any CPU
		{D17509E6-ADCF-4F78-A62C-FAF96876C82A}.Debug|x86.Build.0 = Debug|Any CPU
		{D17509E6-ADCF-4F78-A62C-FAF96876C82A}.Release|Any CPU.ActiveCfg = Release|Any CPU
		{D17509E6-ADCF-4F78-A62C-FAF96876C82A}.Release|Any CPU.Build.0 = Release|Any CPU
		{D17509E6-ADCF-4F78-A62C-FAF96876C82A}.Release|x64.ActiveCfg = Release|Any CPU
		{D17509E6-ADCF-4F78-A62C-FAF96876C82A}.Release|x64.Build.0 = Release|Any CPU
		{D17509E6-ADCF-4F78-A62C-FAF96876C82A}.Release|x86.ActiveCfg = Release|Any CPU
		{D17509E6-ADCF-4F78-A62C-FAF96876C82A}.Release|x86.Build.0 = Release|Any CPU
	EndGlobalSection
	GlobalSection(SolutionProperties) = preSolution
		HideSolutionNode = FALSE
	EndGlobalSection
EndGlobal
